
Microsoft Visual Studio Solution File, Format Version 12.00
# Visual Studio 15
Project("{FAE04EC0-301F-11D3-BF4B-00C04F79EFBC}") = "Assembly-CSharp", "Assembly-CSharp.csproj", "{2F34C814-F305-87BF-F6AF-7AE9974CC955}"
EndProject
Project("{FAE04EC0-301F-11D3-BF4B-00C04F79EFBC}") = "UnityEngine.TestRunner", "UnityEngine.TestRunner.csproj", "{E0638B88-C984-79BA-D648-A329AE88C008}"
EndProject
Project("{FAE04EC0-301F-11D3-BF4B-00C04F79EFBC}") = "Unity.InputSystem", "Unity.InputSystem.csproj", "{819E61B6-4AD6-F2B0-FC42-09222E9EB805}"
EndProject
Project("{FAE04EC0-301F-11D3-BF4B-00C04F79EFBC}") = "Unity.Timeline", "Unity.Timeline.csproj", "{15E6AF9D-1AA6-24BE-2C86-88BEB14BD6B7}"
EndProject
Project("{FAE04EC0-301F-11D3-BF4B-00C04F79EFBC}") = "Cinemachine", "Cinemachine.csproj", "{29EE0EEB-1CC5-ECDF-4368-F6B07FDC58BF}"
EndProject
Project("{FAE04EC0-301F-11D3-BF4B-00C04F79EFBC}") = "Unity.TextMeshPro", "Unity.TextMeshPro.csproj", "{33571082-3E5F-7681-A662-E9E6A47E1A77}"
EndProject
Project("{FAE04EC0-301F-11D3-BF4B-00C04F79EFBC}") = "UnityEditor.TestRunner", "UnityEditor.TestRunner.csproj", "{3438C0D0-6F17-7194-5BA3-8619149A47FA}"
EndProject
Project("{FAE04EC0-301F-11D3-BF4B-00C04F79EFBC}") = "Unity.PlasticSCM.Editor", "Unity.PlasticSCM.Editor.csproj", "{DF6AA620-6F31-D44F-A415-0EB7E0AE8F21}"
EndProject
Project("{FAE04EC0-301F-11D3-BF4B-00C04F79EFBC}") = "Unity.Services.Core.Editor", "Unity.Services.Core.Editor.csproj", "{3D5E695A-1527-6F0C-6C22-45A832093D97}"
EndProject
Project("{FAE04EC0-301F-11D3-BF4B-00C04F79EFBC}") = "Unity.Timeline.Editor", "Unity.Timeline.Editor.csproj", "{21417B0E-35D0-8063-42B2-49EC906FEDE5}"
EndProject
Project("{FAE04EC0-301F-11D3-BF4B-00C04F79EFBC}") = "Unity.VisualStudio.Editor", "Unity.VisualStudio.Editor.csproj", "{13E5C7D9-B8CE-7CAE-031C-01D4EDCD640F}"
EndProject
Project("{FAE04EC0-301F-11D3-BF4B-00C04F79EFBC}") = "com.unity.cinemachine.editor", "com.unity.cinemachine.editor.csproj", "{113B4502-8B38-C88A-5726-7461F9AE2B00}"
EndProject
Project("{FAE04EC0-301F-11D3-BF4B-00C04F79EFBC}") = "Unity.TextMeshPro.Editor", "Unity.TextMeshPro.Editor.csproj", "{D8A60A21-1C68-28BD-AA55-9A48DAAB1416}"
EndProject
Project("{FAE04EC0-301F-11D3-BF4B-00C04F79EFBC}") = "Unity.CollabProxy.Editor", "Unity.CollabProxy.Editor.csproj", "{5040810B-F937-0FA7-2599-CEE3B150C7E8}"
EndProject
Project("{FAE04EC0-301F-11D3-BF4B-00C04F79EFBC}") = "Unity.Rider.Editor", "Unity.Rider.Editor.csproj", "{72B7622F-507C-B2E4-224C-37EF65FD91CA}"
EndProject
Project("{FAE04EC0-301F-11D3-BF4B-00C04F79EFBC}") = "Unity.VSCode.Editor", "Unity.VSCode.Editor.csproj", "{6A83268B-520B-52AF-E045-46FFAEA96B42}"
EndProject
Global
	GlobalSection(SolutionConfigurationPlatforms) = preSolution
		Debug|Any CPU = Debug|Any CPU
		Release|Any CPU = Release|Any CPU
	EndGlobalSection
	GlobalSection(ProjectConfigurationPlatforms) = postSolution
		{2F34C814-F305-87BF-F6AF-7AE9974CC955}.Debug|Any CPU.ActiveCfg = Debug|Any CPU
		{2F34C814-F305-87BF-F6AF-7AE9974CC955}.Debug|Any CPU.Build.0 = Debug|Any CPU
		{2F34C814-F305-87BF-F6AF-7AE9974CC955}.Release|Any CPU.ActiveCfg = Release|Any CPU
		{2F34C814-F305-87BF-F6AF-7AE9974CC955}.Release|Any CPU.Build.0 = Release|Any CPU
		{E0638B88-C984-79BA-D648-A329AE88C008}.Debug|Any CPU.ActiveCfg = Debug|Any CPU
		{E0638B88-C984-79BA-D648-A329AE88C008}.Debug|Any CPU.Build.0 = Debug|Any CPU
		{E0638B88-C984-79BA-D648-A329AE88C008}.Release|Any CPU.ActiveCfg = Release|Any CPU
		{E0638B88-C984-79BA-D648-A329AE88C008}.Release|Any CPU.Build.0 = Release|Any CPU
		{819E61B6-4AD6-F2B0-FC42-09222E9EB805}.Debug|Any CPU.ActiveCfg = Debug|Any CPU
		{819E61B6-4AD6-F2B0-FC42-09222E9EB805}.Debug|Any CPU.Build.0 = Debug|Any CPU
		{819E61B6-4AD6-F2B0-FC42-09222E9EB805}.Release|Any CPU.ActiveCfg = Release|Any CPU
		{819E61B6-4AD6-F2B0-FC42-09222E9EB805}.Release|Any CPU.Build.0 = Release|Any CPU
		{15E6AF9D-1AA6-24BE-2C86-88BEB14BD6B7}.Debug|Any CPU.ActiveCfg = Debug|Any CPU
		{15E6AF9D-1AA6-24BE-2C86-88BEB14BD6B7}.Debug|Any CPU.Build.0 = Debug|Any CPU
		{15E6AF9D-1AA6-24BE-2C86-88BEB14BD6B7}.Release|Any CPU.ActiveCfg = Release|Any CPU
		{15E6AF9D-1AA6-24BE-2C86-88BEB14BD6B7}.Release|Any CPU.Build.0 = Release|Any CPU
		{29EE0EEB-1CC5-ECDF-4368-F6B07FDC58BF}.Debug|Any CPU.ActiveCfg = Debug|Any CPU
		{29EE0EEB-1CC5-ECDF-4368-F6B07FDC58BF}.Debug|Any CPU.Build.0 = Debug|Any CPU
		{29EE0EEB-1CC5-ECDF-4368-F6B07FDC58BF}.Release|Any CPU.ActiveCfg = Release|Any CPU
		{29EE0EEB-1CC5-ECDF-4368-F6B07FDC58BF}.Release|Any CPU.Build.0 = Release|Any CPU
		{33571082-3E5F-7681-A662-E9E6A47E1A77}.Debug|Any CPU.ActiveCfg = Debug|Any CPU
		{33571082-3E5F-7681-A662-E9E6A47E1A77}.Debug|Any CPU.Build.0 = Debug|Any CPU
		{33571082-3E5F-7681-A662-E9E6A47E1A77}.Release|Any CPU.ActiveCfg = Release|Any CPU
		{33571082-3E5F-7681-A662-E9E6A47E1A77}.Release|Any CPU.Build.0 = Release|Any CPU
		{3438C0D0-6F17-7194-5BA3-8619149A47FA}.Debug|Any CPU.ActiveCfg = Debug|Any CPU
		{3438C0D0-6F17-7194-5BA3-8619149A47FA}.Debug|Any CPU.Build.0 = Debug|Any CPU
		{3438C0D0-6F17-7194-5BA3-8619149A47FA}.Release|Any CPU.ActiveCfg = Release|Any CPU
		{3438C0D0-6F17-7194-5BA3-8619149A47FA}.Release|Any CPU.Build.0 = Release|Any CPU
		{DF6AA620-6F31-D44F-A415-0EB7E0AE8F21}.Debug|Any CPU.ActiveCfg = Debug|Any CPU
		{DF6AA620-6F31-D44F-A415-0EB7E0AE8F21}.Debug|Any CPU.Build.0 = Debug|Any CPU
		{DF6AA620-6F31-D44F-A415-0EB7E0AE8F21}.Release|Any CPU.ActiveCfg = Release|Any CPU
		{DF6AA620-6F31-D44F-A415-0EB7E0AE8F21}.Release|Any CPU.Build.0 = Release|Any CPU
		{3D5E695A-1527-6F0C-6C22-45A832093D97}.Debug|Any CPU.ActiveCfg = Debug|Any CPU
		{3D5E695A-1527-6F0C-6C22-45A832093D97}.Debug|Any CPU.Build.0 = Debug|Any CPU
		{3D5E695A-1527-6F0C-6C22-45A832093D97}.Release|Any CPU.ActiveCfg = Release|Any CPU
		{3D5E695A-1527-6F0C-6C22-45A832093D97}.Release|Any CPU.Build.0 = Release|Any CPU
		{21417B0E-35D0-8063-42B2-49EC906FEDE5}.Debug|Any CPU.ActiveCfg = Debug|Any CPU
		{21417B0E-35D0-8063-42B2-49EC906FEDE5}.Debug|Any CPU.Build.0 = Debug|Any CPU
		{21417B0E-35D0-8063-42B2-49EC906FEDE5}.Release|Any CPU.ActiveCfg = Release|Any CPU
		{21417B0E-35D0-8063-42B2-49EC906FEDE5}.Release|Any CPU.Build.0 = Release|Any CPU
		{13E5C7D9-B8CE-7CAE-031C-01D4EDCD640F}.Debug|Any CPU.ActiveCfg = Debug|Any CPU
		{13E5C7D9-B8CE-7CAE-031C-01D4EDCD640F}.Debug|Any CPU.Build.0 = Debug|Any CPU
		{13E5C7D9-B8CE-7CAE-031C-01D4EDCD640F}.Release|Any CPU.ActiveCfg = Release|Any CPU
		{13E5C7D9-B8CE-7CAE-031C-01D4EDCD640F}.Release|Any CPU.Build.0 = Release|Any CPU
		{113B4502-8B38-C88A-5726-7461F9AE2B00}.Debug|Any CPU.ActiveCfg = Debug|Any CPU
		{113B4502-8B38-C88A-5726-7461F9AE2B00}.Debug|Any CPU.Build.0 = Debug|Any CPU
		{113B4502-8B38-C88A-5726-7461F9AE2B00}.Release|Any CPU.ActiveCfg = Release|Any CPU
		{113B4502-8B38-C88A-5726-7461F9AE2B00}.Release|Any CPU.Build.0 = Release|Any CPU
		{D8A60A21-1C68-28BD-AA55-9A48DAAB1416}.Debug|Any CPU.ActiveCfg = Debug|Any CPU
		{D8A60A21-1C68-28BD-AA55-9A48DAAB1416}.Debug|Any CPU.Build.0 = Debug|Any CPU
		{D8A60A21-1C68-28BD-AA55-9A48DAAB1416}.Release|Any CPU.ActiveCfg = Release|Any CPU
		{D8A60A21-1C68-28BD-AA55-9A48DAAB1416}.Release|Any CPU.Build.0 = Release|Any CPU
		{5040810B-F937-0FA7-2599-CEE3B150C7E8}.Debug|Any CPU.ActiveCfg = Debug|Any CPU
		{5040810B-F937-0FA7-2599-CEE3B150C7E8}.Debug|Any CPU.Build.0 = Debug|Any CPU
		{5040810B-F937-0FA7-2599-CEE3B150C7E8}.Release|Any CPU.ActiveCfg = Release|Any CPU
		{5040810B-F937-0FA7-2599-CEE3B150C7E8}.Release|Any CPU.Build.0 = Release|Any CPU
		{72B7622F-507C-B2E4-224C-37EF65FD91CA}.Debug|Any CPU.ActiveCfg = Debug|Any CPU
		{72B7622F-507C-B2E4-224C-37EF65FD91CA}.Debug|Any CPU.Build.0 = Debug|Any CPU
		{72B7622F-507C-B2E4-224C-37EF65FD91CA}.Release|Any CPU.ActiveCfg = Release|Any CPU
		{72B7622F-507C-B2E4-224C-37EF65FD91CA}.Release|Any CPU.Build.0 = Release|Any CPU
		{6A83268B-520B-52AF-E045-46FFAEA96B42}.Debug|Any CPU.ActiveCfg = Debug|Any CPU
		{6A83268B-520B-52AF-E045-46FFAEA96B42}.Debug|Any CPU.Build.0 = Debug|Any CPU
		{6A83268B-520B-52AF-E045-46FFAEA96B42}.Release|Any CPU.ActiveCfg = Release|Any CPU
		{6A83268B-520B-52AF-E045-46FFAEA96B42}.Release|Any CPU.Build.0 = Release|Any CPU
	EndGlobalSection
	GlobalSection(SolutionProperties) = preSolution
		HideSolutionNode = FALSE
	EndGlobalSection
EndGlobal
